
Microsoft Visual Studio Solution File, Format Version 12.00
# Visual Studio 2012
Project("{8BC9CEB8-8B4A-11D0-8D11-00A0C91BC942}") = "labExam", "labExam\labExam.vcxproj", "{FFB4C08C-2EEC-4A03-9642-B78B44EBD198}"
EndProject
Global
	GlobalSection(SolutionConfigurationPlatforms) = preSolution
		Debug|Win32 = Debug|Win32
		Release|Win32 = Release|Win32
	EndGlobalSection
	GlobalSection(ProjectConfigurationPlatforms) = postSolution
		{FFB4C08C-2EEC-4A03-9642-B78B44EBD198}.Debug|Win32.ActiveCfg = Debug|Win32
		{FFB4C08C-2EEC-4A03-9642-B78B44EBD198}.Debug|Win32.Build.0 = Debug|Win32
		{FFB4C08C-2EEC-4A03-9642-B78B44EBD198}.Release|Win32.ActiveCfg = Release|Win32
		{FFB4C08C-2EEC-4A03-9642-B78B44EBD198}.Release|Win32.Build.0 = Release|Win32
	EndGlobalSection
	GlobalSection(SolutionProperties) = preSolution
		HideSolutionNode = FALSE
	EndGlobalSection
EndGlobal
